
Microsoft Visual Studio Solution File, Format Version 12.00
# Visual Studio Version 17
VisualStudioVersion = 17.11.35303.130
MinimumVisualStudioVersion = 10.0.40219.1
Project("{FAE04EC0-301F-11D3-BF4B-00C04F79EFBC}") = "InAndOut", "InAndOut.csproj", "{C7A1916A-AE54-4BE1-830D-6784723D6439}"
EndProject
Global
	GlobalSection(SolutionConfigurationPlatforms) = preSolution
		Debug|Any CPU = Debug|Any CPU
		Release|Any CPU = Release|Any CPU
	EndGlobalSection
	GlobalSection(ProjectConfigurationPlatforms) = postSolution
		{C7A1916A-AE54-4BE1-830D-6784723D6439}.Debug|Any CPU.ActiveCfg = Debug|Any CPU
		{C7A1916A-AE54-4BE1-830D-6784723D6439}.Debug|Any CPU.Build.0 = Debug|Any CPU
		{C7A1916A-AE54-4BE1-830D-6784723D6439}.Release|Any CPU.ActiveCfg = Release|Any CPU
		{C7A1916A-AE54-4BE1-830D-6784723D6439}.Release|Any CPU.Build.0 = Release|Any CPU
	EndGlobalSection
	GlobalSection(SolutionProperties) = preSolution
		HideSolutionNode = FALSE
	EndGlobalSection
	GlobalSection(ExtensibilityGlobals) = postSolution
		SolutionGuid = {FE7C2703-82A7-4018-A148-682A756E0050}
	EndGlobalSection
EndGlobal
